// !$*UTF8*$!
{
	archiveVersion = 1;
	classes = {
	};
	objectVersion = 56;
	objects = {

/* Begin PBXBuildFile section */
		FD1DE9892D047D010093339D /* HomeWork6SUApp.swift in Sources */ = {isa = PBXBuildFile; fileRef = FD1DE9882D047D010093339D /* HomeWork6SUApp.swift */; };
		FD1DE98B2D047D010093339D /* ContentView.swift in Sources */ = {isa = PBXBuildFile; fileRef = FD1DE98A2D047D010093339D /* ContentView.swift */; };
		FD1DE98D2D047D020093339D /* Assets.xcassets in Resources */ = {isa = PBXBuildFile; fileRef = FD1DE98C2D047D020093339D /* Assets.xcassets */; };
		FD1DE9902D047D020093339D /* Preview Assets.xcassets in Resources */ = {isa = PBXBuildFile; fileRef = FD1DE98F2D047D020093339D /* Preview Assets.xcassets */; };
		FD1EE8292D04D21100FF9768 /* MultimediaView.swift in Sources */ = {isa = PBXBuildFile; fileRef = FD1EE8282D04D21100FF9768 /* MultimediaView.swift */; };
		FD1EE82B2D04D26200FF9768 /* ProductInfoView.swift in Sources */ = {isa = PBXBuildFile; fileRef = FD1EE82A2D04D26200FF9768 /* ProductInfoView.swift */; };
		FD1EE82D2D04D29E00FF9768 /* ProductPriceView.swift in Sources */ = {isa = PBXBuildFile; fileRef = FD1EE82C2D04D29E00FF9768 /* ProductPriceView.swift */; };
		FD1EE82F2D04D31100FF9768 /* BuyingButtonsView.swift in Sources */ = {isa = PBXBuildFile; fileRef = FD1EE82E2D04D31100FF9768 /* BuyingButtonsView.swift */; };
/* End PBXBuildFile section */

/* Begin PBXFileReference section */
		FD1DE9852D047D010093339D /* HomeWork6SU.app */ = {isa = PBXFileReference; explicitFileType = wrapper.application; includeInIndex = 0; path = HomeWork6SU.app; sourceTree = BUILT_PRODUCTS_DIR; };
		FD1DE9882D047D010093339D /* HomeWork6SUApp.swift */ = {isa = PBXFileReference; lastKnownFileType = sourcecode.swift; path = HomeWork6SUApp.swift; sourceTree = "<group>"; };
		FD1DE98A2D047D010093339D /* ContentView.swift */ = {isa = PBXFileReference; lastKnownFileType = sourcecode.swift; path = ContentView.swift; sourceTree = "<group>"; };
		FD1DE98C2D047D020093339D /* Assets.xcassets */ = {isa = PBXFileReference; lastKnownFileType = folder.assetcatalog; path = Assets.xcassets; sourceTree = "<group>"; };
		FD1DE98F2D047D020093339D /* Preview Assets.xcassets */ = {isa = PBXFileReference; lastKnownFileType = folder.assetcatalog; path = "Preview Assets.xcassets"; sourceTree = "<group>"; };
		FD1EE8282D04D21100FF9768 /* MultimediaView.swift */ = {isa = PBXFileReference; lastKnownFileType = sourcecode.swift; path = MultimediaView.swift; sourceTree = "<group>"; };
		FD1EE82A2D04D26200FF9768 /* ProductInfoView.swift */ = {isa = PBXFileReference; lastKnownFileType = sourcecode.swift; path = ProductInfoView.swift; sourceTree = "<group>"; };
		FD1EE82C2D04D29E00FF9768 /* ProductPriceView.swift */ = {isa = PBXFileReference; lastKnownFileType = sourcecode.swift; path = ProductPriceView.swift; sourceTree = "<group>"; };
		FD1EE82E2D04D31100FF9768 /* BuyingButtonsView.swift */ = {isa = PBXFileReference; lastKnownFileType = sourcecode.swift; path = BuyingButtonsView.swift; sourceTree = "<group>"; };
/* End PBXFileReference section */

/* Begin PBXFrameworksBuildPhase section */
		FD1DE9822D047D010093339D /* Frameworks */ = {
			isa = PBXFrameworksBuildPhase;
			buildActionMask = 2147483647;
			files = (
			);
			runOnlyForDeploymentPostprocessing = 0;
		};
/* End PBXFrameworksBuildPhase section */

/* Begin PBXGroup section */
		FD1DE97C2D047D010093339D = {
			isa = PBXGroup;
			children = (
				FD1DE9872D047D010093339D /* HomeWork6SU */,
				FD1DE9862D047D010093339D /* Products */,
			);
			sourceTree = "<group>";
		};
		FD1DE9862D047D010093339D /* Products */ = {
			isa = PBXGroup;
			children = (
				FD1DE9852D047D010093339D /* HomeWork6SU.app */,
			);
			name = Products;
			sourceTree = "<group>";
		};
		FD1DE9872D047D010093339D /* HomeWork6SU */ = {
			isa = PBXGroup;
			children = (
				FD1EE8302D04D35C00FF9768 /* views */,
				FD1DE9882D047D010093339D /* HomeWork6SUApp.swift */,
				FD1DE98A2D047D010093339D /* ContentView.swift */,
				FD1DE98C2D047D020093339D /* Assets.xcassets */,
				FD1DE98E2D047D020093339D /* Preview Content */,
			);
			path = HomeWork6SU;
			sourceTree = "<group>";
		};
		FD1DE98E2D047D020093339D /* Preview Content */ = {
			isa = PBXGroup;
			children = (
				FD1DE98F2D047D020093339D /* Preview Assets.xcassets */,
			);
			path = "Preview Content";
			sourceTree = "<group>";
		};
		FD1EE8302D04D35C00FF9768 /* views */ = {
			isa = PBXGroup;
			children = (
				FD1EE8282D04D21100FF9768 /* MultimediaView.swift */,
				FD1EE82A2D04D26200FF9768 /* ProductInfoView.swift */,
				FD1EE82C2D04D29E00FF9768 /* ProductPriceView.swift */,
				FD1EE82E2D04D31100FF9768 /* BuyingButtonsView.swift */,
			);
			path = views;
			sourceTree = "<group>";
		};
/* End PBXGroup section */

/* Begin PBXNativeTarget section */
		FD1DE9842D047D010093339D /* HomeWork6SU */ = {
			isa = PBXNativeTarget;
			buildConfigurationList = FD1DE9932D047D020093339D /* Build configuration list for PBXNativeTarget "HomeWork6SU" */;
			buildPhases = (
				FD1DE9812D047D010093339D /* Sources */,
				FD1DE9822D047D010093339D /* Frameworks */,
				FD1DE9832D047D010093339D /* Resources */,
			);
			buildRules = (
			);
			dependencies = (
			);
			name = HomeWork6SU;
			productName = HomeWork6SU;
			productReference = FD1DE9852D047D010093339D /* HomeWork6SU.app */;
			productType = "com.apple.product-type.application";
		};
/* End PBXNativeTarget section */

/* Begin PBXProject section */
		FD1DE97D2D047D010093339D /* Project object */ = {
			isa = PBXProject;
			attributes = {
				BuildIndependentTargetsInParallel = 1;
				LastSwiftUpdateCheck = 1530;
				LastUpgradeCheck = 1530;
				TargetAttributes = {
					FD1DE9842D047D010093339D = {
						CreatedOnToolsVersion = 15.3;
					};
				};
			};
			buildConfigurationList = FD1DE9802D047D010093339D /* Build configuration list for PBXProject "HomeWork6SU" */;
			compatibilityVersion = "Xcode 14.0";
			developmentRegion = en;
			hasScannedForEncodings = 0;
			knownRegions = (
				en,
				Base,
			);
			mainGroup = FD1DE97C2D047D010093339D;
			productRefGroup = FD1DE9862D047D010093339D /* Products */;
			projectDirPath = "";
			projectRoot = "";
			targets = (
				FD1DE9842D047D010093339D /* HomeWork6SU */,
			);
		};
/* End PBXProject section */

/* Begin PBXResourcesBuildPhase section */
		FD1DE9832D047D010093339D /* Resources */ = {
			isa = PBXResourcesBuildPhase;
			buildActionMask = 2147483647;
			files = (
				FD1DE9902D047D020093339D /* Preview Assets.xcassets in Resources */,
				FD1DE98D2D047D020093339D /* Assets.xcassets in Resources */,
			);
			runOnlyForDeploymentPostprocessing = 0;
		};
/* End PBXResourcesBuildPhase section */

/* Begin PBXSourcesBuildPhase section */
		FD1DE9812D047D010093339D /* Sources */ = {
			isa = PBXSourcesBuildPhase;
			buildActionMask = 2147483647;
			files = (
				FD1EE82F2D04D31100FF9768 /* BuyingButtonsView.swift in Sources */,
				FD1EE82D2D04D29E00FF9768 /* ProductPriceView.swift in Sources */,
				FD1EE82B2D04D26200FF9768 /* ProductInfoView.swift in Sources */,
				FD1DE98B2D047D010093339D /* ContentView.swift in Sources */,
				FD1DE9892D047D010093339D /* HomeWork6SUApp.swift in Sources */,
				FD1EE8292D04D21100FF9768 /* MultimediaView.swift in Sources */,
			);
			runOnlyForDeploymentPostprocessing = 0;
		};
/* End PBXSourcesBuildPhase section */

/* Begin XCBuildConfiguration section */
		FD1DE9912D047D020093339D /* Debug */ = {
			isa = XCBuildConfiguration;
			buildSettings = {
				ALWAYS_SEARCH_USER_PATHS = NO;
				ASSETCATALOG_COMPILER_GENERATE_SWIFT_ASSET_SYMBOL_EXTENSIONS = YES;
				CLANG_ANALYZER_NONNULL = YES;
				CLANG_ANALYZER_NUMBER_OBJECT_CONVERSION = YES_AGGRESSIVE;
				CLANG_CXX_LANGUAGE_STANDARD = "gnu++20";
				CLANG_ENABLE_MODULES = YES;
				CLANG_ENABLE_OBJC_ARC = YES;
				CLANG_ENABLE_OBJC_WEAK = YES;
				CLANG_WARN_BLOCK_CAPTURE_AUTORELEASING = YES;
				CLANG_WARN_BOOL_CONVERSION = YES;
				CLANG_WARN_COMMA = YES;
				CLANG_WARN_CONSTANT_CONVERSION = YES;
				CLANG_WARN_DEPRECATED_OBJC_IMPLEMENTATIONS = YES;
				CLANG_WARN_DIRECT_OBJC_ISA_USAGE = YES_ERROR;
				CLANG_WARN_DOCUMENTATION_COMMENTS = YES;
				CLANG_WARN_EMPTY_BODY = YES;
				CLANG_WARN_ENUM_CONVERSION = YES;
				CLANG_WARN_INFINITE_RECURSION = YES;
				CLANG_WARN_INT_CONVERSION = YES;
				CLANG_WARN_NON_LITERAL_NULL_CONVERSION = YES;
				CLANG_WARN_OBJC_IMPLICIT_RETAIN_SELF = YES;
				CLANG_WARN_OBJC_LITERAL_CONVERSION = YES;
				CLANG_WARN_OBJC_ROOT_CLASS = YES_ERROR;
				CLANG_WARN_QUOTED_INCLUDE_IN_FRAMEWORK_HEADER = YES;
				CLANG_WARN_RANGE_LOOP_ANALYSIS = YES;
				CLANG_WARN_STRICT_PROTOTYPES = YES;
				CLANG_WARN_SUSPICIOUS_MOVE = YES;
				CLANG_WARN_UNGUARDED_AVAILABILITY = YES_AGGRESSIVE;
				CLANG_WARN_UNREACHABLE_CODE = YES;
				CLANG_WARN__DUPLICATE_METHOD_MATCH = YES;
				COPY_PHASE_STRIP = NO;
				DEBUG_INFORMATION_FORMAT = dwarf;
				ENABLE_STRICT_OBJC_MSGSEND = YES;
				ENABLE_TESTABILITY = YES;
				ENABLE_USER_SCRIPT_SANDBOXING = YES;
				GCC_C_LANGUAGE_STANDARD = gnu17;
				GCC_DYNAMIC_NO_PIC = NO;
				GCC_NO_COMMON_BLOCKS = YES;
				GCC_OPTIMIZATION_LEVEL = 0;
				GCC_PREPROCESSOR_DEFINITIONS = (
					"DEBUG=1",
					"$(inherited)",
				);
				GCC_WARN_64_TO_32_BIT_CONVERSION = YES;
				GCC_WARN_ABOUT_RETURN_TYPE = YES_ERROR;
				GCC_WARN_UNDECLARED_SELECTOR = YES;
				GCC_WARN_UNINITIALIZED_AUTOS = YES_AGGRESSIVE;
				GCC_WARN_UNUSED_FUNCTION = YES;
				GCC_WARN_UNUSED_VARIABLE = YES;
				IPHONEOS_DEPLOYMENT_TARGET = 17.4;
				LOCALIZATION_PREFERS_STRING_CATALOGS = YES;
				MTL_ENABLE_DEBUG_INFO = INCLUDE_SOURCE;
				MTL_FAST_MATH = YES;
				ONLY_ACTIVE_ARCH = YES;
				SDKROOT = iphoneos;
				SWIFT_ACTIVE_COMPILATION_CONDITIONS = "DEBUG $(inherited)";
				SWIFT_OPTIMIZATION_LEVEL = "-Onone";
			};
			name = Debug;
		};
		FD1DE9922D047D020093339D /* Release */ = {
			isa = XCBuildConfiguration;
			buildSettings = {
				ALWAYS_SEARCH_USER_PATHS = NO;
				ASSETCATALOG_COMPILER_GENERATE_SWIFT_ASSET_SYMBOL_EXTENSIONS = YES;
				CLANG_ANALYZER_NONNULL = YES;
				CLANG_ANALYZER_NUMBER_OBJECT_CONVERSION = YES_AGGRESSIVE;
				CLANG_CXX_LANGUAGE_STANDARD = "gnu++20";
				CLANG_ENABLE_MODULES = YES;
				CLANG_ENABLE_OBJC_ARC = YES;
				CLANG_ENABLE_OBJC_WEAK = YES;
				CLANG_WARN_BLOCK_CAPTURE_AUTORELEASING = YES;
				CLANG_WARN_BOOL_CONVERSION = YES;
				CLANG_WARN_COMMA = YES;
				CLANG_WARN_CONSTANT_CONVERSION = YES;
				CLANG_WARN_DEPRECATED_OBJC_IMPLEMENTATIONS = YES;
				CLANG_WARN_DIRECT_OBJC_ISA_USAGE = YES_ERROR;
				CLANG_WARN_DOCUMENTATION_COMMENTS = YES;
				CLANG_WARN_EMPTY_BODY = YES;
				CLANG_WARN_ENUM_CONVERSION = YES;
				CLANG_WARN_INFINITE_RECURSION = YES;
				CLANG_WARN_INT_CONVERSION = YES;
				CLANG_WARN_NON_LITERAL_NULL_CONVERSION = YES;
				CLANG_WARN_OBJC_IMPLICIT_RETAIN_SELF = YES;
				CLANG_WARN_OBJC_LITERAL_CONVERSION = YES;
				CLANG_WARN_OBJC_ROOT_CLASS = YES_ERROR;
				CLANG_WARN_QUOTED_INCLUDE_IN_FRAMEWORK_HEADER = YES;
				CLANG_WARN_RANGE_LOOP_ANALYSIS = YES;
				CLANG_WARN_STRICT_PROTOTYPES = YES;
				CLANG_WARN_SUSPICIOUS_MOVE = YES;
				CLANG_WARN_UNGUARDED_AVAILABILITY = YES_AGGRESSIVE;
				CLANG_WARN_UNREACHABLE_CODE = YES;
				CLANG_WARN__DUPLICATE_METHOD_MATCH = YES;
				COPY_PHASE_STRIP = NO;
				DEBUG_INFORMATION_FORMAT = "dwarf-with-dsym";
				ENABLE_NS_ASSERTIONS = NO;
				ENABLE_STRICT_OBJC_MSGSEND = YES;
				ENABLE_USER_SCRIPT_SANDBOXING = YES;
				GCC_C_LANGUAGE_STANDARD = gnu17;
				GCC_NO_COMMON_BLOCKS = YES;
				GCC_WARN_64_TO_32_BIT_CONVERSION = YES;
				GCC_WARN_ABOUT_RETURN_TYPE = YES_ERROR;
				GCC_WARN_UNDECLARED_SELECTOR = YES;
				GCC_WARN_UNINITIALIZED_AUTOS = YES_AGGRESSIVE;
				GCC_WARN_UNUSED_FUNCTION = YES;
				GCC_WARN_UNUSED_VARIABLE = YES;
				IPHONEOS_DEPLOYMENT_TARGET = 17.4;
				LOCALIZATION_PREFERS_STRING_CATALOGS = YES;
				MTL_ENABLE_DEBUG_INFO = NO;
				MTL_FAST_MATH = YES;
				SDKROOT = iphoneos;
				SWIFT_COMPILATION_MODE = wholemodule;
				VALIDATE_PRODUCT = YES;
			};
			name = Release;
		};
		FD1DE9942D047D020093339D /* Debug */ = {
			isa = XCBuildConfiguration;
			buildSettings = {
				ASSETCATALOG_COMPILER_APPICON_NAME = AppIcon;
				ASSETCATALOG_COMPILER_GLOBAL_ACCENT_COLOR_NAME = AccentColor;
				CODE_SIGN_STYLE = Automatic;
				CURRENT_PROJECT_VERSION = 1;
				DEVELOPMENT_ASSET_PATHS = "\"HomeWork6SU/Preview Content\"";
				ENABLE_PREVIEWS = YES;
				GENERATE_INFOPLIST_FILE = YES;
				INFOPLIST_KEY_UIApplicationSceneManifest_Generation = YES;
				INFOPLIST_KEY_UIApplicationSupportsIndirectInputEvents = YES;
				INFOPLIST_KEY_UILaunchScreen_Generation = YES;
				INFOPLIST_KEY_UISupportedInterfaceOrientations_iPad = "UIInterfaceOrientationPortrait UIInterfaceOrientationPortraitUpsideDown UIInterfaceOrientationLandscapeLeft UIInterfaceOrientationLandscapeRight";
				INFOPLIST_KEY_UISupportedInterfaceOrientations_iPhone = "UIInterfaceOrientationPortrait UIInterfaceOrientationLandscapeLeft UIInterfaceOrientationLandscapeRight";
				LD_RUNPATH_SEARCH_PATHS = (
					"$(inherited)",
					"@executable_path/Frameworks",
				);
				MARKETING_VERSION = 1.0;
				PRODUCT_BUNDLE_IDENTIFIER = com.dkolp.HomeWork6SU;
				PRODUCT_NAME = "$(TARGET_NAME)";
				SWIFT_EMIT_LOC_STRINGS = YES;
				SWIFT_VERSION = 5.0;
				TARGETED_DEVICE_FAMILY = "1,2";
			};
			name = Debug;
		};
		FD1DE9952D047D020093339D /* Release */ = {
			isa = XCBuildConfiguration;
			buildSettings = {
				ASSETCATALOG_COMPILER_APPICON_NAME = AppIcon;
				ASSETCATALOG_COMPILER_GLOBAL_ACCENT_COLOR_NAME = AccentColor;
				CODE_SIGN_STYLE = Automatic;
				CURRENT_PROJECT_VERSION = 1;
				DEVELOPMENT_ASSET_PATHS = "\"HomeWork6SU/Preview Content\"";
				ENABLE_PREVIEWS = YES;
				GENERATE_INFOPLIST_FILE = YES;
				INFOPLIST_KEY_UIApplicationSceneManifest_Generation = YES;
				INFOPLIST_KEY_UIApplicationSupportsIndirectInputEvents = YES;
				INFOPLIST_KEY_UILaunchScreen_Generation = YES;
				INFOPLIST_KEY_UISupportedInterfaceOrientations_iPad = "UIInterfaceOrientationPortrait UIInterfaceOrientationPortraitUpsideDown UIInterfaceOrientationLandscapeLeft UIInterfaceOrientationLandscapeRight";
				INFOPLIST_KEY_UISupportedInterfaceOrientations_iPhone = "UIInterfaceOrientationPortrait UIInterfaceOrientationLandscapeLeft UIInterfaceOrientationLandscapeRight";
				LD_RUNPATH_SEARCH_PATHS = (
					"$(inherited)",
					"@executable_path/Frameworks",
				);
				MARKETING_VERSION = 1.0;
				PRODUCT_BUNDLE_IDENTIFIER = com.dkolp.HomeWork6SU;
				PRODUCT_NAME = "$(TARGET_NAME)";
				SWIFT_EMIT_LOC_STRINGS = YES;
				SWIFT_VERSION = 5.0;
				TARGETED_DEVICE_FAMILY = "1,2";
			};
			name = Release;
		};
/* End XCBuildConfiguration section */

/* Begin XCConfigurationList section */
		FD1DE9802D047D010093339D /* Build configuration list for PBXProject "HomeWork6SU" */ = {
			isa = XCConfigurationList;
			buildConfigurations = (
				FD1DE9912D047D020093339D /* Debug */,
				FD1DE9922D047D020093339D /* Release */,
			);
			defaultConfigurationIsVisible = 0;
			defaultConfigurationName = Release;
		};
		FD1DE9932D047D020093339D /* Build configuration list for PBXNativeTarget "HomeWork6SU" */ = {
			isa = XCConfigurationList;
			buildConfigurations = (
				FD1DE9942D047D020093339D /* Debug */,
				FD1DE9952D047D020093339D /* Release */,
			);
			defaultConfigurationIsVisible = 0;
			defaultConfigurationName = Release;
		};
/* End XCConfigurationList section */
	};
	rootObject = FD1DE97D2D047D010093339D /* Project object */;
}
